
Microsoft Visual Studio Solution File, Format Version 12.00
# Visual Studio Version 16
VisualStudioVersion = 16.0.30907.101
MinimumVisualStudioVersion = 10.0.40219.1
Project("{FAE04EC0-301F-11D3-BF4B-00C04F79EFBC}") = "SoundMachine.UWP", "SoundMachine.UWP\SoundMachine.UWP.csproj", "{167ADA38-2BA9-4084-8932-DE37E6402E6E}"
EndProject
Project("{FAE04EC0-301F-11D3-BF4B-00C04F79EFBC}") = "SoundMachine.Android", "SoundMachine.Android\SoundMachine.Android.csproj", "{0F8B263B-2926-4B0A-BF00-0EE9FD7686AC}"
EndProject
Project("{FAE04EC0-301F-11D3-BF4B-00C04F79EFBC}") = "SoundMachine.iOS", "SoundMachine.iOS\SoundMachine.iOS.csproj", "{B482D642-2C8C-42C3-B99A-3B5B3040B875}"
EndProject
Project("{9A19103F-16F7-4668-BE54-9A1E7A4F7556}") = "SoundMachine", "SoundMachine\SoundMachine.csproj", "{CACB74A8-06A5-4E96-B926-5D8548C0C624}"
EndProject
Project("{FAE04EC0-301F-11D3-BF4B-00C04F79EFBC}") = "Chirp", "..\..\Chirp\Chirp\Chirp.csproj", "{B1611305-F864-452B-991E-C2A3CAF60CF1}"
EndProject
Global
	GlobalSection(SolutionConfigurationPlatforms) = preSolution
		Debug|Any CPU = Debug|Any CPU
		Debug|ARM = Debug|ARM
		Debug|iPhone = Debug|iPhone
		Debug|iPhoneSimulator = Debug|iPhoneSimulator
		Debug|x64 = Debug|x64
		Debug|x86 = Debug|x86
		Release|Any CPU = Release|Any CPU
		Release|ARM = Release|ARM
		Release|iPhone = Release|iPhone
		Release|iPhoneSimulator = Release|iPhoneSimulator
		Release|x64 = Release|x64
		Release|x86 = Release|x86
	EndGlobalSection
	GlobalSection(ProjectConfigurationPlatforms) = postSolution
		{167ADA38-2BA9-4084-8932-DE37E6402E6E}.Debug|Any CPU.ActiveCfg = Debug|x86
		{167ADA38-2BA9-4084-8932-DE37E6402E6E}.Debug|Any CPU.Build.0 = Debug|x86
		{167ADA38-2BA9-4084-8932-DE37E6402E6E}.Debug|Any CPU.Deploy.0 = Debug|x86
		{167ADA38-2BA9-4084-8932-DE37E6402E6E}.Debug|ARM.ActiveCfg = Debug|ARM
		{167ADA38-2BA9-4084-8932-DE37E6402E6E}.Debug|ARM.Build.0 = Debug|ARM
		{167ADA38-2BA9-4084-8932-DE37E6402E6E}.Debug|ARM.Deploy.0 = Debug|ARM
		{167ADA38-2BA9-4084-8932-DE37E6402E6E}.Debug|iPhone.ActiveCfg = Debug|x86
		{167ADA38-2BA9-4084-8932-DE37E6402E6E}.Debug|iPhone.Build.0 = Debug|x86
		{167ADA38-2BA9-4084-8932-DE37E6402E6E}.Debug|iPhone.Deploy.0 = Debug|x86
		{167ADA38-2BA9-4084-8932-DE37E6402E6E}.Debug|iPhoneSimulator.ActiveCfg = Debug|x86
		{167ADA38-2BA9-4084-8932-DE37E6402E6E}.Debug|iPhoneSimulator.Build.0 = Debug|x86
		{167ADA38-2BA9-4084-8932-DE37E6402E6E}.Debug|iPhoneSimulator.Deploy.0 = Debug|x86
		{167ADA38-2BA9-4084-8932-DE37E6402E6E}.Debug|x64.ActiveCfg = Debug|x64
		{167ADA38-2BA9-4084-8932-DE37E6402E6E}.Debug|x64.Build.0 = Debug|x64
		{167ADA38-2BA9-4084-8932-DE37E6402E6E}.Debug|x64.Deploy.0 = Debug|x64
		{167ADA38-2BA9-4084-8932-DE37E6402E6E}.Debug|x86.ActiveCfg = Debug|x86
		{167ADA38-2BA9-4084-8932-DE37E6402E6E}.Debug|x86.Build.0 = Debug|x86
		{167ADA38-2BA9-4084-8932-DE37E6402E6E}.Debug|x86.Deploy.0 = Debug|x86
		{167ADA38-2BA9-4084-8932-DE37E6402E6E}.Release|Any CPU.ActiveCfg = Release|x86
		{167ADA38-2BA9-4084-8932-DE37E6402E6E}.Release|Any CPU.Build.0 = Release|x86
		{167ADA38-2BA9-4084-8932-DE37E6402E6E}.Release|Any CPU.Deploy.0 = Release|x86
		{167ADA38-2BA9-4084-8932-DE37E6402E6E}.Release|ARM.ActiveCfg = Release|ARM
		{167ADA38-2BA9-4084-8932-DE37E6402E6E}.Release|ARM.Build.0 = Release|ARM
		{167ADA38-2BA9-4084-8932-DE37E6402E6E}.Release|ARM.Deploy.0 = Release|ARM
		{167ADA38-2BA9-4084-8932-DE37E6402E6E}.Release|iPhone.ActiveCfg = Release|x86
		{167ADA38-2BA9-4084-8932-DE37E6402E6E}.Release|iPhone.Build.0 = Release|x86
		{167ADA38-2BA9-4084-8932-DE37E6402E6E}.Release|iPhone.Deploy.0 = Release|x86
		{167ADA38-2BA9-4084-8932-DE37E6402E6E}.Release|iPhoneSimulator.ActiveCfg = Release|x86
		{167ADA38-2BA9-4084-8932-DE37E6402E6E}.Release|iPhoneSimulator.Build.0 = Release|x86
		{167ADA38-2BA9-4084-8932-DE37E6402E6E}.Release|iPhoneSimulator.Deploy.0 = Release|x86
		{167ADA38-2BA9-4084-8932-DE37E6402E6E}.Release|x64.ActiveCfg = Release|x64
		{167ADA38-2BA9-4084-8932-DE37E6402E6E}.Release|x64.Build.0 = Release|x64
		{167ADA38-2BA9-4084-8932-DE37E6402E6E}.Release|x64.Deploy.0 = Release|x64
		{167ADA38-2BA9-4084-8932-DE37E6402E6E}.Release|x86.ActiveCfg = Release|x86
		{167ADA38-2BA9-4084-8932-DE37E6402E6E}.Release|x86.Build.0 = Release|x86
		{167ADA38-2BA9-4084-8932-DE37E6402E6E}.Release|x86.Deploy.0 = Release|x86
		{0F8B263B-2926-4B0A-BF00-0EE9FD7686AC}.Debug|Any CPU.ActiveCfg = Debug|Any CPU
		{0F8B263B-2926-4B0A-BF00-0EE9FD7686AC}.Debug|Any CPU.Build.0 = Debug|Any CPU
		{0F8B263B-2926-4B0A-BF00-0EE9FD7686AC}.Debug|Any CPU.Deploy.0 = Debug|Any CPU
		{0F8B263B-2926-4B0A-BF00-0EE9FD7686AC}.Debug|ARM.ActiveCfg = Debug|Any CPU
		{0F8B263B-2926-4B0A-BF00-0EE9FD7686AC}.Debug|ARM.Build.0 = Debug|Any CPU
		{0F8B263B-2926-4B0A-BF00-0EE9FD7686AC}.Debug|ARM.Deploy.0 = Debug|Any CPU
		{0F8B263B-2926-4B0A-BF00-0EE9FD7686AC}.Debug|iPhone.ActiveCfg = Debug|Any CPU
		{0F8B263B-2926-4B0A-BF00-0EE9FD7686AC}.Debug|iPhone.Build.0 = Debug|Any CPU
		{0F8B263B-2926-4B0A-BF00-0EE9FD7686AC}.Debug|iPhone.Deploy.0 = Debug|Any CPU
		{0F8B263B-2926-4B0A-BF00-0EE9FD7686AC}.Debug|iPhoneSimulator.ActiveCfg = Debug|Any CPU
		{0F8B263B-2926-4B0A-BF00-0EE9FD7686AC}.Debug|iPhoneSimulator.Build.0 = Debug|Any CPU
		{0F8B263B-2926-4B0A-BF00-0EE9FD7686AC}.Debug|iPhoneSimulator.Deploy.0 = Debug|Any CPU
		{0F8B263B-2926-4B0A-BF00-0EE9FD7686AC}.Debug|x64.ActiveCfg = Debug|Any CPU
		{0F8B263B-2926-4B0A-BF00-0EE9FD7686AC}.Debug|x64.Build.0 = Debug|Any CPU
		{0F8B263B-2926-4B0A-BF00-0EE9FD7686AC}.Debug|x64.Deploy.0 = Debug|Any CPU
		{0F8B263B-2926-4B0A-BF00-0EE9FD7686AC}.Debug|x86.ActiveCfg = Debug|Any CPU
		{0F8B263B-2926-4B0A-BF00-0EE9FD7686AC}.Debug|x86.Build.0 = Debug|Any CPU
		{0F8B263B-2926-4B0A-BF00-0EE9FD7686AC}.Debug|x86.Deploy.0 = Debug|Any CPU
		{0F8B263B-2926-4B0A-BF00-0EE9FD7686AC}.Release|Any CPU.ActiveCfg = Release|Any CPU
		{0F8B263B-2926-4B0A-BF00-0EE9FD7686AC}.Release|Any CPU.Build.0 = Release|Any CPU
		{0F8B263B-2926-4B0A-BF00-0EE9FD7686AC}.Release|Any CPU.Deploy.0 = Release|Any CPU
		{0F8B263B-2926-4B0A-BF00-0EE9FD7686AC}.Release|ARM.ActiveCfg = Release|Any CPU
		{0F8B263B-2926-4B0A-BF00-0EE9FD7686AC}.Release|ARM.Build.0 = Release|Any CPU
		{0F8B263B-2926-4B0A-BF00-0EE9FD7686AC}.Release|ARM.Deploy.0 = Release|Any CPU
		{0F8B263B-2926-4B0A-BF00-0EE9FD7686AC}.Release|iPhone.ActiveCfg = Release|Any CPU
		{0F8B263B-2926-4B0A-BF00-0EE9FD7686AC}.Release|iPhone.Build.0 = Release|Any CPU
		{0F8B263B-2926-4B0A-BF00-0EE9FD7686AC}.Release|iPhone.Deploy.0 = Release|Any CPU
		{0F8B263B-2926-4B0A-BF00-0EE9FD7686AC}.Release|iPhoneSimulator.ActiveCfg = Release|Any CPU
		{0F8B263B-2926-4B0A-BF00-0EE9FD7686AC}.Release|iPhoneSimulator.Build.0 = Release|Any CPU
		{0F8B263B-2926-4B0A-BF00-0EE9FD7686AC}.Release|iPhoneSimulator.Deploy.0 = Release|Any CPU
		{0F8B263B-2926-4B0A-BF00-0EE9FD7686AC}.Release|x64.ActiveCfg = Release|Any CPU
		{0F8B263B-2926-4B0A-BF00-0EE9FD7686AC}.Release|x64.Build.0 = Release|Any CPU
		{0F8B263B-2926-4B0A-BF00-0EE9FD7686AC}.Release|x64.Deploy.0 = Release|Any CPU
		{0F8B263B-2926-4B0A-BF00-0EE9FD7686AC}.Release|x86.ActiveCfg = Release|Any CPU
		{0F8B263B-2926-4B0A-BF00-0EE9FD7686AC}.Release|x86.Build.0 = Release|Any CPU
		{0F8B263B-2926-4B0A-BF00-0EE9FD7686AC}.Release|x86.Deploy.0 = Release|Any CPU
		{B482D642-2C8C-42C3-B99A-3B5B3040B875}.Debug|Any CPU.ActiveCfg = Debug|iPhoneSimulator
		{B482D642-2C8C-42C3-B99A-3B5B3040B875}.Debug|Any CPU.Build.0 = Debug|iPhoneSimulator
		{B482D642-2C8C-42C3-B99A-3B5B3040B875}.Debug|Any CPU.Deploy.0 = Debug|iPhoneSimulator
		{B482D642-2C8C-42C3-B99A-3B5B3040B875}.Debug|ARM.ActiveCfg = Debug|iPhone
		{B482D642-2C8C-42C3-B99A-3B5B3040B875}.Debug|ARM.Build.0 = Debug|iPhone
		{B482D642-2C8C-42C3-B99A-3B5B3040B875}.Debug|ARM.Deploy.0 = Debug|iPhone
		{B482D642-2C8C-42C3-B99A-3B5B3040B875}.Debug|iPhone.ActiveCfg = Debug|iPhone
		{B482D642-2C8C-42C3-B99A-3B5B3040B875}.Debug|iPhone.Build.0 = Debug|iPhone
		{B482D642-2C8C-42C3-B99A-3B5B3040B875}.Debug|iPhone.Deploy.0 = Debug|iPhone
		{B482D642-2C8C-42C3-B99A-3B5B3040B875}.Debug|iPhoneSimulator.ActiveCfg = Debug|iPhoneSimulator
		{B482D642-2C8C-42C3-B99A-3B5B3040B875}.Debug|iPhoneSimulator.Build.0 = Debug|iPhoneSimulator
		{B482D642-2C8C-42C3-B99A-3B5B3040B875}.Debug|iPhoneSimulator.Deploy.0 = Debug|iPhoneSimulator
		{B482D642-2C8C-42C3-B99A-3B5B3040B875}.Debug|x64.ActiveCfg = Debug|iPhoneSimulator
		{B482D642-2C8C-42C3-B99A-3B5B3040B875}.Debug|x64.Build.0 = Debug|iPhoneSimulator
		{B482D642-2C8C-42C3-B99A-3B5B3040B875}.Debug|x64.Deploy.0 = Debug|iPhoneSimulator
		{B482D642-2C8C-42C3-B99A-3B5B3040B875}.Debug|x86.ActiveCfg = Debug|iPhoneSimulator
		{B482D642-2C8C-42C3-B99A-3B5B3040B875}.Debug|x86.Build.0 = Debug|iPhoneSimulator
		{B482D642-2C8C-42C3-B99A-3B5B3040B875}.Debug|x86.Deploy.0 = Debug|iPhoneSimulator
		{B482D642-2C8C-42C3-B99A-3B5B3040B875}.Release|Any CPU.ActiveCfg = Release|iPhoneSimulator
		{B482D642-2C8C-42C3-B99A-3B5B3040B875}.Release|Any CPU.Build.0 = Release|iPhoneSimulator
		{B482D642-2C8C-42C3-B99A-3B5B3040B875}.Release|Any CPU.Deploy.0 = Release|iPhoneSimulator
		{B482D642-2C8C-42C3-B99A-3B5B3040B875}.Release|ARM.ActiveCfg = Release|iPhoneSimulator
		{B482D642-2C8C-42C3-B99A-3B5B3040B875}.Release|ARM.Build.0 = Release|iPhoneSimulator
		{B482D642-2C8C-42C3-B99A-3B5B3040B875}.Release|ARM.Deploy.0 = Release|iPhoneSimulator
		{B482D642-2C8C-42C3-B99A-3B5B3040B875}.Release|iPhone.ActiveCfg = Release|iPhone
		{B482D642-2C8C-42C3-B99A-3B5B3040B875}.Release|iPhone.Build.0 = Release|iPhone
		{B482D642-2C8C-42C3-B99A-3B5B3040B875}.Release|iPhone.Deploy.0 = Release|iPhone
		{B482D642-2C8C-42C3-B99A-3B5B3040B875}.Release|iPhoneSimulator.ActiveCfg = Release|iPhoneSimulator
		{B482D642-2C8C-42C3-B99A-3B5B3040B875}.Release|iPhoneSimulator.Build.0 = Release|iPhoneSimulator
		{B482D642-2C8C-42C3-B99A-3B5B3040B875}.Release|iPhoneSimulator.Deploy.0 = Release|iPhoneSimulator
		{B482D642-2C8C-42C3-B99A-3B5B3040B875}.Release|x64.ActiveCfg = Release|iPhoneSimulator
		{B482D642-2C8C-42C3-B99A-3B5B3040B875}.Release|x64.Build.0 = Release|iPhoneSimulator
		{B482D642-2C8C-42C3-B99A-3B5B3040B875}.Release|x64.Deploy.0 = Release|iPhoneSimulator
		{B482D642-2C8C-42C3-B99A-3B5B3040B875}.Release|x86.ActiveCfg = Release|iPhoneSimulator
		{B482D642-2C8C-42C3-B99A-3B5B3040B875}.Release|x86.Build.0 = Release|iPhoneSimulator
		{B482D642-2C8C-42C3-B99A-3B5B3040B875}.Release|x86.Deploy.0 = Release|iPhoneSimulator
		{CACB74A8-06A5-4E96-B926-5D8548C0C624}.Debug|Any CPU.ActiveCfg = Debug|Any CPU
		{CACB74A8-06A5-4E96-B926-5D8548C0C624}.Debug|Any CPU.Build.0 = Debug|Any CPU
		{CACB74A8-06A5-4E96-B926-5D8548C0C624}.Debug|Any CPU.Deploy.0 = Debug|Any CPU
		{CACB74A8-06A5-4E96-B926-5D8548C0C624}.Debug|ARM.ActiveCfg = Debug|Any CPU
		{CACB74A8-06A5-4E96-B926-5D8548C0C624}.Debug|ARM.Build.0 = Debug|Any CPU
		{CACB74A8-06A5-4E96-B926-5D8548C0C624}.Debug|ARM.Deploy.0 = Debug|Any CPU
		{CACB74A8-06A5-4E96-B926-5D8548C0C624}.Debug|iPhone.ActiveCfg = Debug|Any CPU
		{CACB74A8-06A5-4E96-B926-5D8548C0C624}.Debug|iPhone.Build.0 = Debug|Any CPU
		{CACB74A8-06A5-4E96-B926-5D8548C0C624}.Debug|iPhone.Deploy.0 = Debug|Any CPU
		{CACB74A8-06A5-4E96-B926-5D8548C0C624}.Debug|iPhoneSimulator.ActiveCfg = Debug|Any CPU
		{CACB74A8-06A5-4E96-B926-5D8548C0C624}.Debug|iPhoneSimulator.Build.0 = Debug|Any CPU
		{CACB74A8-06A5-4E96-B926-5D8548C0C624}.Debug|iPhoneSimulator.Deploy.0 = Debug|Any CPU
		{CACB74A8-06A5-4E96-B926-5D8548C0C624}.Debug|x64.ActiveCfg = Debug|Any CPU
		{CACB74A8-06A5-4E96-B926-5D8548C0C624}.Debug|x64.Build.0 = Debug|Any CPU
		{CACB74A8-06A5-4E96-B926-5D8548C0C624}.Debug|x64.Deploy.0 = Debug|Any CPU
		{CACB74A8-06A5-4E96-B926-5D8548C0C624}.Debug|x86.ActiveCfg = Debug|Any CPU
		{CACB74A8-06A5-4E96-B926-5D8548C0C624}.Debug|x86.Build.0 = Debug|Any CPU
		{CACB74A8-06A5-4E96-B926-5D8548C0C624}.Debug|x86.Deploy.0 = Debug|Any CPU
		{CACB74A8-06A5-4E96-B926-5D8548C0C624}.Release|Any CPU.ActiveCfg = Release|Any CPU
		{CACB74A8-06A5-4E96-B926-5D8548C0C624}.Release|Any CPU.Build.0 = Release|Any CPU
		{CACB74A8-06A5-4E96-B926-5D8548C0C624}.Release|Any CPU.Deploy.0 = Release|Any CPU
		{CACB74A8-06A5-4E96-B926-5D8548C0C624}.Release|ARM.ActiveCfg = Release|Any CPU
		{CACB74A8-06A5-4E96-B926-5D8548C0C624}.Release|ARM.Build.0 = Release|Any CPU
		{CACB74A8-06A5-4E96-B926-5D8548C0C624}.Release|ARM.Deploy.0 = Release|Any CPU
		{CACB74A8-06A5-4E96-B926-5D8548C0C624}.Release|iPhone.ActiveCfg = Release|Any CPU
		{CACB74A8-06A5-4E96-B926-5D8548C0C624}.Release|iPhone.Build.0 = Release|Any CPU
		{CACB74A8-06A5-4E96-B926-5D8548C0C624}.Release|iPhone.Deploy.0 = Release|Any CPU
		{CACB74A8-06A5-4E96-B926-5D8548C0C624}.Release|iPhoneSimulator.ActiveCfg = Release|Any CPU
		{CACB74A8-06A5-4E96-B926-5D8548C0C624}.Release|iPhoneSimulator.Build.0 = Release|Any CPU
		{CACB74A8-06A5-4E96-B926-5D8548C0C624}.Release|iPhoneSimulator.Deploy.0 = Release|Any CPU
		{CACB74A8-06A5-4E96-B926-5D8548C0C624}.Release|x64.ActiveCfg = Release|Any CPU
		{CACB74A8-06A5-4E96-B926-5D8548C0C624}.Release|x64.Build.0 = Release|Any CPU
		{CACB74A8-06A5-4E96-B926-5D8548C0C624}.Release|x64.Deploy.0 = Release|Any CPU
		{CACB74A8-06A5-4E96-B926-5D8548C0C624}.Release|x86.ActiveCfg = Release|Any CPU
		{CACB74A8-06A5-4E96-B926-5D8548C0C624}.Release|x86.Build.0 = Release|Any CPU
		{CACB74A8-06A5-4E96-B926-5D8548C0C624}.Release|x86.Deploy.0 = Release|Any CPU
		{B1611305-F864-452B-991E-C2A3CAF60CF1}.Debug|Any CPU.ActiveCfg = Debug|Any CPU
		{B1611305-F864-452B-991E-C2A3CAF60CF1}.Debug|Any CPU.Build.0 = Debug|Any CPU
		{B1611305-F864-452B-991E-C2A3CAF60CF1}.Debug|ARM.ActiveCfg = Debug|Any CPU
		{B1611305-F864-452B-991E-C2A3CAF60CF1}.Debug|ARM.Build.0 = Debug|Any CPU
		{B1611305-F864-452B-991E-C2A3CAF60CF1}.Debug|iPhone.ActiveCfg = Debug|Any CPU
		{B1611305-F864-452B-991E-C2A3CAF60CF1}.Debug|iPhone.Build.0 = Debug|Any CPU
		{B1611305-F864-452B-991E-C2A3CAF60CF1}.Debug|iPhoneSimulator.ActiveCfg = Debug|Any CPU
		{B1611305-F864-452B-991E-C2A3CAF60CF1}.Debug|iPhoneSimulator.Build.0 = Debug|Any CPU
		{B1611305-F864-452B-991E-C2A3CAF60CF1}.Debug|x64.ActiveCfg = Debug|Any CPU
		{B1611305-F864-452B-991E-C2A3CAF60CF1}.Debug|x64.Build.0 = Debug|Any CPU
		{B1611305-F864-452B-991E-C2A3CAF60CF1}.Debug|x86.ActiveCfg = Debug|Any CPU
		{B1611305-F864-452B-991E-C2A3CAF60CF1}.Debug|x86.Build.0 = Debug|Any CPU
		{B1611305-F864-452B-991E-C2A3CAF60CF1}.Release|Any CPU.ActiveCfg = Release|Any CPU
		{B1611305-F864-452B-991E-C2A3CAF60CF1}.Release|Any CPU.Build.0 = Release|Any CPU
		{B1611305-F864-452B-991E-C2A3CAF60CF1}.Release|ARM.ActiveCfg = Release|Any CPU
		{B1611305-F864-452B-991E-C2A3CAF60CF1}.Release|ARM.Build.0 = Release|Any CPU
		{B1611305-F864-452B-991E-C2A3CAF60CF1}.Release|iPhone.ActiveCfg = Release|Any CPU
		{B1611305-F864-452B-991E-C2A3CAF60CF1}.Release|iPhone.Build.0 = Release|Any CPU
		{B1611305-F864-452B-991E-C2A3CAF60CF1}.Release|iPhoneSimulator.ActiveCfg = Release|Any CPU
		{B1611305-F864-452B-991E-C2A3CAF60CF1}.Release|iPhoneSimulator.Build.0 = Release|Any CPU
		{B1611305-F864-452B-991E-C2A3CAF60CF1}.Release|x64.ActiveCfg = Release|Any CPU
		{B1611305-F864-452B-991E-C2A3CAF60CF1}.Release|x64.Build.0 = Release|Any CPU
		{B1611305-F864-452B-991E-C2A3CAF60CF1}.Release|x86.ActiveCfg = Release|Any CPU
		{B1611305-F864-452B-991E-C2A3CAF60CF1}.Release|x86.Build.0 = Release|Any CPU
	EndGlobalSection
	GlobalSection(SolutionProperties) = preSolution
		HideSolutionNode = FALSE
	EndGlobalSection
	GlobalSection(ExtensibilityGlobals) = postSolution
		SolutionGuid = {612FCD73-FAE8-4092-BD82-6951F05EFAE0}
	EndGlobalSection
EndGlobal
